{
  "name": "dubbellog",
  "version": "1.0.0",
  "lockfileVersion": 1,
  "requires": true,
  "dependencies": {
    "@types/get-caller-file": {
      "version": "1.0.0",
      "resolved": "https://registry.npmjs.org/@types/get-caller-file/-/get-caller-file-1.0.0.tgz",
      "integrity": "sha512-LKjVkuAyxzYAz2Ek0AX8cm9Kyjw+5eHVqUZwQiquWYwnDDdQcCabqkxPvlIf7/sEbY6jPuKgsmKPDGLV4owkPg==",
      "dev": true
    },
    "@types/node": {
      "version": "14.10.1",
      "resolved": "https://registry.npmjs.org/@types/node/-/node-14.10.1.tgz",
      "integrity": "sha512-aYNbO+FZ/3KGeQCEkNhHFRIzBOUgc7QvcVNKXbfnhDkSfwUv91JsQQa10rDgKSTSLkXZ1UIyPe4FJJNVgw1xWQ==",
      "dev": true
    },
    "get-caller-file": {
      "version": "2.0.5",
      "resolved": "https://registry.npmjs.org/get-caller-file/-/get-caller-file-2.0.5.tgz",
      "integrity": "sha512-DyFP3BM/3YHTQOCUL/w0OZHR0lpKeGrxotcHWcqNEdnltqFwXVfhEBQ94eIo34AfQpo0rGki4cyIiftY06h2Fg=="
    }
  }
}
